
Microsoft Visual Studio Solution File, Format Version 12.00
# Visual Studio Version 16
VisualStudioVersion = 16.0.30128.74
MinimumVisualStudioVersion = 10.0.40219.1
Project("{FAE04EC0-301F-11D3-BF4B-00C04F79EFBC}") = "MyDictionary", "MyDictionary\MyDictionary.csproj", "{B9642DB1-3866-470C-AF7E-B457D36CBAA7}"
EndProject
Global
	GlobalSection(SolutionConfigurationPlatforms) = preSolution
		Debug|Any CPU = Debug|Any CPU
		Release|Any CPU = Release|Any CPU
	EndGlobalSection
	GlobalSection(ProjectConfigurationPlatforms) = postSolution
		{B9642DB1-3866-470C-AF7E-B457D36CBAA7}.Debug|Any CPU.ActiveCfg = Debug|Any CPU
		{B9642DB1-3866-470C-AF7E-B457D36CBAA7}.Debug|Any CPU.Build.0 = Debug|Any CPU
		{B9642DB1-3866-470C-AF7E-B457D36CBAA7}.Release|Any CPU.ActiveCfg = Release|Any CPU
		{B9642DB1-3866-470C-AF7E-B457D36CBAA7}.Release|Any CPU.Build.0 = Release|Any CPU
	EndGlobalSection
	GlobalSection(SolutionProperties) = preSolution
		HideSolutionNode = FALSE
	EndGlobalSection
	GlobalSection(ExtensibilityGlobals) = postSolution
		SolutionGuid = {25C2F292-FE89-4E1F-A6FC-42BC2DC7EA3E}
	EndGlobalSection
EndGlobal
